{
  "originHash" : "9c4aca0da67bf2675a34ce7c5f3855aab6da1600060aea0c065f5fcc48cdf978",
  "pins" : [
    {
      "identity" : "sdwebimage",
      "kind" : "remoteSourceControl",
      "location" : "https://github.com/SDWebImage/SDWebImage.git",
      "state" : {
        "revision" : "5642d1ffe3dbe628592443bd14154e31929727b4",
        "version" : "5.19.2"
      }
    },
    {
      "identity" : "sdwebimagelinkplugin",
      "kind" : "remoteSourceControl",
      "location" : "https://github.com/SDWebImage/SDWebImageLinkPlugin.git",
      "state" : {
        "revision" : "2e76fb5f526864e01d757eccc7724dc3ce629eb8",
        "version" : "0.3.0"
      }
    }
  ],
  "version" : 3
}
