// !$*UTF8*$!
{
	archiveVersion = 1;
	classes = {
	};
	objectVersion = 56;
	objects = {

/* Begin PBXBuildFile section */
		B1E7EEE42BF3C7B400C11584 /* AppDelegate.swift in Sources */ = {isa = PBXBuildFile; fileRef = B1E7EEE32BF3C7B400C11584 /* AppDelegate.swift */; };
		B1E7EEE62BF3C7B400C11584 /* SceneDelegate.swift in Sources */ = {isa = PBXBuildFile; fileRef = B1E7EEE52BF3C7B400C11584 /* SceneDelegate.swift */; };
		B1E7EEE82BF3C7B400C11584 /* ViewController.swift in Sources */ = {isa = PBXBuildFile; fileRef = B1E7EEE72BF3C7B400C11584 /* ViewController.swift */; };
		B1E7EEEB2BF3C7B400C11584 /* Base in Resources */ = {isa = PBXBuildFile; fileRef = B1E7EEEA2BF3C7B400C11584 /* Base */; };
		B1E7EEED2BF3C7B600C11584 /* Assets.xcassets in Resources */ = {isa = PBXBuildFile; fileRef = B1E7EEEC2BF3C7B600C11584 /* Assets.xcassets */; };
		B1E7EEF02BF3C7B600C11584 /* Base in Resources */ = {isa = PBXBuildFile; fileRef = B1E7EEEF2BF3C7B600C11584 /* Base */; };
		B1E7EEFB2BF3C7B700C11584 /* movieFetch_mvvmTests.swift in Sources */ = {isa = PBXBuildFile; fileRef = B1E7EEFA2BF3C7B700C11584 /* movieFetch_mvvmTests.swift */; };
		B1E7EF052BF3C7B700C11584 /* movieFetch_mvvmUITests.swift in Sources */ = {isa = PBXBuildFile; fileRef = B1E7EF042BF3C7B700C11584 /* movieFetch_mvvmUITests.swift */; };
		B1E7EF072BF3C7B700C11584 /* movieFetch_mvvmUITestsLaunchTests.swift in Sources */ = {isa = PBXBuildFile; fileRef = B1E7EF062BF3C7B700C11584 /* movieFetch_mvvmUITestsLaunchTests.swift */; };
/* End PBXBuildFile section */

/* Begin PBXContainerItemProxy section */
		B1E7EEF72BF3C7B700C11584 /* PBXContainerItemProxy */ = {
			isa = PBXContainerItemProxy;
			containerPortal = B1E7EED82BF3C7B400C11584 /* Project object */;
			proxyType = 1;
			remoteGlobalIDString = B1E7EEDF2BF3C7B400C11584;
			remoteInfo = movieFetch_mvvm;
		};
		B1E7EF012BF3C7B700C11584 /* PBXContainerItemProxy */ = {
			isa = PBXContainerItemProxy;
			containerPortal = B1E7EED82BF3C7B400C11584 /* Project object */;
			proxyType = 1;
			remoteGlobalIDString = B1E7EEDF2BF3C7B400C11584;
			remoteInfo = movieFetch_mvvm;
		};
/* End PBXContainerItemProxy section */

/* Begin PBXFileReference section */
		B1E7EEE02BF3C7B400C11584 /* movieFetch_mvvm.app */ = {isa = PBXFileReference; explicitFileType = wrapper.application; includeInIndex = 0; path = movieFetch_mvvm.app; sourceTree = BUILT_PRODUCTS_DIR; };
		B1E7EEE32BF3C7B400C11584 /* AppDelegate.swift */ = {isa = PBXFileReference; lastKnownFileType = sourcecode.swift; path = AppDelegate.swift; sourceTree = "<group>"; };
		B1E7EEE52BF3C7B400C11584 /* SceneDelegate.swift */ = {isa = PBXFileReference; lastKnownFileType = sourcecode.swift; path = SceneDelegate.swift; sourceTree = "<group>"; };
		B1E7EEE72BF3C7B400C11584 /* ViewController.swift */ = {isa = PBXFileReference; lastKnownFileType = sourcecode.swift; path = ViewController.swift; sourceTree = "<group>"; };
		B1E7EEEA2BF3C7B400C11584 /* Base */ = {isa = PBXFileReference; lastKnownFileType = file.storyboard; name = Base; path = Base.lproj/Main.storyboard; sourceTree = "<group>"; };
		B1E7EEEC2BF3C7B600C11584 /* Assets.xcassets */ = {isa = PBXFileReference; lastKnownFileType = folder.assetcatalog; path = Assets.xcassets; sourceTree = "<group>"; };
		B1E7EEEF2BF3C7B600C11584 /* Base */ = {isa = PBXFileReference; lastKnownFileType = file.storyboard; name = Base; path = Base.lproj/LaunchScreen.storyboard; sourceTree = "<group>"; };
		B1E7EEF12BF3C7B600C11584 /* Info.plist */ = {isa = PBXFileReference; lastKnownFileType = text.plist.xml; path = Info.plist; sourceTree = "<group>"; };
		B1E7EEF62BF3C7B700C11584 /* movieFetch_mvvmTests.xctest */ = {isa = PBXFileReference; explicitFileType = wrapper.cfbundle; includeInIndex = 0; path = movieFetch_mvvmTests.xctest; sourceTree = BUILT_PRODUCTS_DIR; };
		B1E7EEFA2BF3C7B700C11584 /* movieFetch_mvvmTests.swift */ = {isa = PBXFileReference; lastKnownFileType = sourcecode.swift; path = movieFetch_mvvmTests.swift; sourceTree = "<group>"; };
		B1E7EF002BF3C7B700C11584 /* movieFetch_mvvmUITests.xctest */ = {isa = PBXFileReference; explicitFileType = wrapper.cfbundle; includeInIndex = 0; path = movieFetch_mvvmUITests.xctest; sourceTree = BUILT_PRODUCTS_DIR; };
		B1E7EF042BF3C7B700C11584 /* movieFetch_mvvmUITests.swift */ = {isa = PBXFileReference; lastKnownFileType = sourcecode.swift; path = movieFetch_mvvmUITests.swift; sourceTree = "<group>"; };
		B1E7EF062BF3C7B700C11584 /* movieFetch_mvvmUITestsLaunchTests.swift */ = {isa = PBXFileReference; lastKnownFileType = sourcecode.swift; path = movieFetch_mvvmUITestsLaunchTests.swift; sourceTree = "<group>"; };
/* End PBXFileReference section */

/* Begin PBXFrameworksBuildPhase section */
		B1E7EEDD2BF3C7B400C11584 /* Frameworks */ = {
			isa = PBXFrameworksBuildPhase;
			buildActionMask = 2147483647;
			files = (
			);
			runOnlyForDeploymentPostprocessing = 0;
		};
		B1E7EEF32BF3C7B700C11584 /* Frameworks */ = {
			isa = PBXFrameworksBuildPhase;
			buildActionMask = 2147483647;
			files = (
			);
			runOnlyForDeploymentPostprocessing = 0;
		};
		B1E7EEFD2BF3C7B700C11584 /* Frameworks */ = {
			isa = PBXFrameworksBuildPhase;
			buildActionMask = 2147483647;
			files = (
			);
			runOnlyForDeploymentPostprocessing = 0;
		};
/* End PBXFrameworksBuildPhase section */

/* Begin PBXGroup section */
		B1E7EED72BF3C7B400C11584 = {
			isa = PBXGroup;
			children = (
				B1E7EEE22BF3C7B400C11584 /* movieFetch_mvvm */,
				B1E7EEF92BF3C7B700C11584 /* movieFetch_mvvmTests */,
				B1E7EF032BF3C7B700C11584 /* movieFetch_mvvmUITests */,
				B1E7EEE12BF3C7B400C11584 /* Products */,
			);
			sourceTree = "<group>";
		};
		B1E7EEE12BF3C7B400C11584 /* Products */ = {
			isa = PBXGroup;
			children = (
				B1E7EEE02BF3C7B400C11584 /* movieFetch_mvvm.app */,
				B1E7EEF62BF3C7B700C11584 /* movieFetch_mvvmTests.xctest */,
				B1E7EF002BF3C7B700C11584 /* movieFetch_mvvmUITests.xctest */,
			);
			name = Products;
			sourceTree = "<group>";
		};
		B1E7EEE22BF3C7B400C11584 /* movieFetch_mvvm */ = {
			isa = PBXGroup;
			children = (
				B1E7EEE32BF3C7B400C11584 /* AppDelegate.swift */,
				B1E7EEE52BF3C7B400C11584 /* SceneDelegate.swift */,
				B1E7EEE72BF3C7B400C11584 /* ViewController.swift */,
				B1E7EEE92BF3C7B400C11584 /* Main.storyboard */,
				B1E7EEEC2BF3C7B600C11584 /* Assets.xcassets */,
				B1E7EEEE2BF3C7B600C11584 /* LaunchScreen.storyboard */,
				B1E7EEF12BF3C7B600C11584 /* Info.plist */,
			);
			path = movieFetch_mvvm;
			sourceTree = "<group>";
		};
		B1E7EEF92BF3C7B700C11584 /* movieFetch_mvvmTests */ = {
			isa = PBXGroup;
			children = (
				B1E7EEFA2BF3C7B700C11584 /* movieFetch_mvvmTests.swift */,
			);
			path = movieFetch_mvvmTests;
			sourceTree = "<group>";
		};
		B1E7EF032BF3C7B700C11584 /* movieFetch_mvvmUITests */ = {
			isa = PBXGroup;
			children = (
				B1E7EF042BF3C7B700C11584 /* movieFetch_mvvmUITests.swift */,
				B1E7EF062BF3C7B700C11584 /* movieFetch_mvvmUITestsLaunchTests.swift */,
			);
			path = movieFetch_mvvmUITests;
			sourceTree = "<group>";
		};
/* End PBXGroup section */

/* Begin PBXNativeTarget section */
		B1E7EEDF2BF3C7B400C11584 /* movieFetch_mvvm */ = {
			isa = PBXNativeTarget;
			buildConfigurationList = B1E7EF0A2BF3C7B700C11584 /* Build configuration list for PBXNativeTarget "movieFetch_mvvm" */;
			buildPhases = (
				B1E7EEDC2BF3C7B400C11584 /* Sources */,
				B1E7EEDD2BF3C7B400C11584 /* Frameworks */,
				B1E7EEDE2BF3C7B400C11584 /* Resources */,
			);
			buildRules = (
			);
			dependencies = (
			);
			name = movieFetch_mvvm;
			productName = movieFetch_mvvm;
			productReference = B1E7EEE02BF3C7B400C11584 /* movieFetch_mvvm.app */;
			productType = "com.apple.product-type.application";
		};
		B1E7EEF52BF3C7B700C11584 /* movieFetch_mvvmTests */ = {
			isa = PBXNativeTarget;
			buildConfigurationList = B1E7EF0D2BF3C7B700C11584 /* Build configuration list for PBXNativeTarget "movieFetch_mvvmTests" */;
			buildPhases = (
				B1E7EEF22BF3C7B700C11584 /* Sources */,
				B1E7EEF32BF3C7B700C11584 /* Frameworks */,
				B1E7EEF42BF3C7B700C11584 /* Resources */,
			);
			buildRules = (
			);
			dependencies = (
				B1E7EEF82BF3C7B700C11584 /* PBXTargetDependency */,
			);
			name = movieFetch_mvvmTests;
			productName = movieFetch_mvvmTests;
			productReference = B1E7EEF62BF3C7B700C11584 /* movieFetch_mvvmTests.xctest */;
			productType = "com.apple.product-type.bundle.unit-test";
		};
		B1E7EEFF2BF3C7B700C11584 /* movieFetch_mvvmUITests */ = {
			isa = PBXNativeTarget;
			buildConfigurationList = B1E7EF102BF3C7B700C11584 /* Build configuration list for PBXNativeTarget "movieFetch_mvvmUITests" */;
			buildPhases = (
				B1E7EEFC2BF3C7B700C11584 /* Sources */,
				B1E7EEFD2BF3C7B700C11584 /* Frameworks */,
				B1E7EEFE2BF3C7B700C11584 /* Resources */,
			);
			buildRules = (
			);
			dependencies = (
				B1E7EF022BF3C7B700C11584 /* PBXTargetDependency */,
			);
			name = movieFetch_mvvmUITests;
			productName = movieFetch_mvvmUITests;
			productReference = B1E7EF002BF3C7B700C11584 /* movieFetch_mvvmUITests.xctest */;
			productType = "com.apple.product-type.bundle.ui-testing";
		};
/* End PBXNativeTarget section */

/* Begin PBXProject section */
		B1E7EED82BF3C7B400C11584 /* Project object */ = {
			isa = PBXProject;
			attributes = {
				BuildIndependentTargetsInParallel = 1;
				LastSwiftUpdateCheck = 1530;
				LastUpgradeCheck = 1530;
				TargetAttributes = {
					B1E7EEDF2BF3C7B400C11584 = {
						CreatedOnToolsVersion = 15.3;
					};
					B1E7EEF52BF3C7B700C11584 = {
						CreatedOnToolsVersion = 15.3;
						TestTargetID = B1E7EEDF2BF3C7B400C11584;
					};
					B1E7EEFF2BF3C7B700C11584 = {
						CreatedOnToolsVersion = 15.3;
						TestTargetID = B1E7EEDF2BF3C7B400C11584;
					};
				};
			};
			buildConfigurationList = B1E7EEDB2BF3C7B400C11584 /* Build configuration list for PBXProject "movieFetch_mvvm" */;
			compatibilityVersion = "Xcode 14.0";
			developmentRegion = en;
			hasScannedForEncodings = 0;
			knownRegions = (
				en,
				Base,
			);
			mainGroup = B1E7EED72BF3C7B400C11584;
			productRefGroup = B1E7EEE12BF3C7B400C11584 /* Products */;
			projectDirPath = "";
			projectRoot = "";
			targets = (
				B1E7EEDF2BF3C7B400C11584 /* movieFetch_mvvm */,
				B1E7EEF52BF3C7B700C11584 /* movieFetch_mvvmTests */,
				B1E7EEFF2BF3C7B700C11584 /* movieFetch_mvvmUITests */,
			);
		};
/* End PBXProject section */

/* Begin PBXResourcesBuildPhase section */
		B1E7EEDE2BF3C7B400C11584 /* Resources */ = {
			isa = PBXResourcesBuildPhase;
			buildActionMask = 2147483647;
			files = (
				B1E7EEED2BF3C7B600C11584 /* Assets.xcassets in Resources */,
				B1E7EEF02BF3C7B600C11584 /* Base in Resources */,
				B1E7EEEB2BF3C7B400C11584 /* Base in Resources */,
			);
			runOnlyForDeploymentPostprocessing = 0;
		};
		B1E7EEF42BF3C7B700C11584 /* Resources */ = {
			isa = PBXResourcesBuildPhase;
			buildActionMask = 2147483647;
			files = (
			);
			runOnlyForDeploymentPostprocessing = 0;
		};
		B1E7EEFE2BF3C7B700C11584 /* Resources */ = {
			isa = PBXResourcesBuildPhase;
			buildActionMask = 2147483647;
			files = (
			);
			runOnlyForDeploymentPostprocessing = 0;
		};
/* End PBXResourcesBuildPhase section */

/* Begin PBXSourcesBuildPhase section */
		B1E7EEDC2BF3C7B400C11584 /* Sources */ = {
			isa = PBXSourcesBuildPhase;
			buildActionMask = 2147483647;
			files = (
				B1E7EEE82BF3C7B400C11584 /* ViewController.swift in Sources */,
				B1E7EEE42BF3C7B400C11584 /* AppDelegate.swift in Sources */,
				B1E7EEE62BF3C7B400C11584 /* SceneDelegate.swift in Sources */,
			);
			runOnlyForDeploymentPostprocessing = 0;
		};
		B1E7EEF22BF3C7B700C11584 /* Sources */ = {
			isa = PBXSourcesBuildPhase;
			buildActionMask = 2147483647;
			files = (
				B1E7EEFB2BF3C7B700C11584 /* movieFetch_mvvmTests.swift in Sources */,
			);
			runOnlyForDeploymentPostprocessing = 0;
		};
		B1E7EEFC2BF3C7B700C11584 /* Sources */ = {
			isa = PBXSourcesBuildPhase;
			buildActionMask = 2147483647;
			files = (
				B1E7EF072BF3C7B700C11584 /* movieFetch_mvvmUITestsLaunchTests.swift in Sources */,
				B1E7EF052BF3C7B700C11584 /* movieFetch_mvvmUITests.swift in Sources */,
			);
			runOnlyForDeploymentPostprocessing = 0;
		};
/* End PBXSourcesBuildPhase section */

/* Begin PBXTargetDependency section */
		B1E7EEF82BF3C7B700C11584 /* PBXTargetDependency */ = {
			isa = PBXTargetDependency;
			target = B1E7EEDF2BF3C7B400C11584 /* movieFetch_mvvm */;
			targetProxy = B1E7EEF72BF3C7B700C11584 /* PBXContainerItemProxy */;
		};
		B1E7EF022BF3C7B700C11584 /* PBXTargetDependency */ = {
			isa = PBXTargetDependency;
			target = B1E7EEDF2BF3C7B400C11584 /* movieFetch_mvvm */;
			targetProxy = B1E7EF012BF3C7B700C11584 /* PBXContainerItemProxy */;
		};
/* End PBXTargetDependency section */

/* Begin PBXVariantGroup section */
		B1E7EEE92BF3C7B400C11584 /* Main.storyboard */ = {
			isa = PBXVariantGroup;
			children = (
				B1E7EEEA2BF3C7B400C11584 /* Base */,
			);
			name = Main.storyboard;
			sourceTree = "<group>";
		};
		B1E7EEEE2BF3C7B600C11584 /* LaunchScreen.storyboard */ = {
			isa = PBXVariantGroup;
			children = (
				B1E7EEEF2BF3C7B600C11584 /* Base */,
			);
			name = LaunchScreen.storyboard;
			sourceTree = "<group>";
		};
/* End PBXVariantGroup section */

/* Begin XCBuildConfiguration section */
		B1E7EF082BF3C7B700C11584 /* Debug */ = {
			isa = XCBuildConfiguration;
			buildSettings = {
				ALWAYS_SEARCH_USER_PATHS = NO;
				ASSETCATALOG_COMPILER_GENERATE_SWIFT_ASSET_SYMBOL_EXTENSIONS = YES;
				CLANG_ANALYZER_NONNULL = YES;
				CLANG_ANALYZER_NUMBER_OBJECT_CONVERSION = YES_AGGRESSIVE;
				CLANG_CXX_LANGUAGE_STANDARD = "gnu++20";
				CLANG_ENABLE_MODULES = YES;
				CLANG_ENABLE_OBJC_ARC = YES;
				CLANG_ENABLE_OBJC_WEAK = YES;
				CLANG_WARN_BLOCK_CAPTURE_AUTORELEASING = YES;
				CLANG_WARN_BOOL_CONVERSION = YES;
				CLANG_WARN_COMMA = YES;
				CLANG_WARN_CONSTANT_CONVERSION = YES;
				CLANG_WARN_DEPRECATED_OBJC_IMPLEMENTATIONS = YES;
				CLANG_WARN_DIRECT_OBJC_ISA_USAGE = YES_ERROR;
				CLANG_WARN_DOCUMENTATION_COMMENTS = YES;
				CLANG_WARN_EMPTY_BODY = YES;
				CLANG_WARN_ENUM_CONVERSION = YES;
				CLANG_WARN_INFINITE_RECURSION = YES;
				CLANG_WARN_INT_CONVERSION = YES;
				CLANG_WARN_NON_LITERAL_NULL_CONVERSION = YES;
				CLANG_WARN_OBJC_IMPLICIT_RETAIN_SELF = YES;
				CLANG_WARN_OBJC_LITERAL_CONVERSION = YES;
				CLANG_WARN_OBJC_ROOT_CLASS = YES_ERROR;
				CLANG_WARN_QUOTED_INCLUDE_IN_FRAMEWORK_HEADER = YES;
				CLANG_WARN_RANGE_LOOP_ANALYSIS = YES;
				CLANG_WARN_STRICT_PROTOTYPES = YES;
				CLANG_WARN_SUSPICIOUS_MOVE = YES;
				CLANG_WARN_UNGUARDED_AVAILABILITY = YES_AGGRESSIVE;
				CLANG_WARN_UNREACHABLE_CODE = YES;
				CLANG_WARN__DUPLICATE_METHOD_MATCH = YES;
				COPY_PHASE_STRIP = NO;
				DEBUG_INFORMATION_FORMAT = dwarf;
				ENABLE_STRICT_OBJC_MSGSEND = YES;
				ENABLE_TESTABILITY = YES;
				ENABLE_USER_SCRIPT_SANDBOXING = YES;
				GCC_C_LANGUAGE_STANDARD = gnu17;
				GCC_DYNAMIC_NO_PIC = NO;
				GCC_NO_COMMON_BLOCKS = YES;
				GCC_OPTIMIZATION_LEVEL = 0;
				GCC_PREPROCESSOR_DEFINITIONS = (
					"DEBUG=1",
					"$(inherited)",
				);
				GCC_WARN_64_TO_32_BIT_CONVERSION = YES;
				GCC_WARN_ABOUT_RETURN_TYPE = YES_ERROR;
				GCC_WARN_UNDECLARED_SELECTOR = YES;
				GCC_WARN_UNINITIALIZED_AUTOS = YES_AGGRESSIVE;
				GCC_WARN_UNUSED_FUNCTION = YES;
				GCC_WARN_UNUSED_VARIABLE = YES;
				IPHONEOS_DEPLOYMENT_TARGET = 17.4;
				LOCALIZATION_PREFERS_STRING_CATALOGS = YES;
				MTL_ENABLE_DEBUG_INFO = INCLUDE_SOURCE;
				MTL_FAST_MATH = YES;
				ONLY_ACTIVE_ARCH = YES;
				SDKROOT = iphoneos;
				SWIFT_ACTIVE_COMPILATION_CONDITIONS = "DEBUG $(inherited)";
				SWIFT_OPTIMIZATION_LEVEL = "-Onone";
			};
			name = Debug;
		};
		B1E7EF092BF3C7B700C11584 /* Release */ = {
			isa = XCBuildConfiguration;
			buildSettings = {
				ALWAYS_SEARCH_USER_PATHS = NO;
				ASSETCATALOG_COMPILER_GENERATE_SWIFT_ASSET_SYMBOL_EXTENSIONS = YES;
				CLANG_ANALYZER_NONNULL = YES;
				CLANG_ANALYZER_NUMBER_OBJECT_CONVERSION = YES_AGGRESSIVE;
				CLANG_CXX_LANGUAGE_STANDARD = "gnu++20";
				CLANG_ENABLE_MODULES = YES;
				CLANG_ENABLE_OBJC_ARC = YES;
				CLANG_ENABLE_OBJC_WEAK = YES;
				CLANG_WARN_BLOCK_CAPTURE_AUTORELEASING = YES;
				CLANG_WARN_BOOL_CONVERSION = YES;
				CLANG_WARN_COMMA = YES;
				CLANG_WARN_CONSTANT_CONVERSION = YES;
				CLANG_WARN_DEPRECATED_OBJC_IMPLEMENTATIONS = YES;
				CLANG_WARN_DIRECT_OBJC_ISA_USAGE = YES_ERROR;
				CLANG_WARN_DOCUMENTATION_COMMENTS = YES;
				CLANG_WARN_EMPTY_BODY = YES;
				CLANG_WARN_ENUM_CONVERSION = YES;
				CLANG_WARN_INFINITE_RECURSION = YES;
				CLANG_WARN_INT_CONVERSION = YES;
				CLANG_WARN_NON_LITERAL_NULL_CONVERSION = YES;
				CLANG_WARN_OBJC_IMPLICIT_RETAIN_SELF = YES;
				CLANG_WARN_OBJC_LITERAL_CONVERSION = YES;
				CLANG_WARN_OBJC_ROOT_CLASS = YES_ERROR;
				CLANG_WARN_QUOTED_INCLUDE_IN_FRAMEWORK_HEADER = YES;
				CLANG_WARN_RANGE_LOOP_ANALYSIS = YES;
				CLANG_WARN_STRICT_PROTOTYPES = YES;
				CLANG_WARN_SUSPICIOUS_MOVE = YES;
				CLANG_WARN_UNGUARDED_AVAILABILITY = YES_AGGRESSIVE;
				CLANG_WARN_UNREACHABLE_CODE = YES;
				CLANG_WARN__DUPLICATE_METHOD_MATCH = YES;
				COPY_PHASE_STRIP = NO;
				DEBUG_INFORMATION_FORMAT = "dwarf-with-dsym";
				ENABLE_NS_ASSERTIONS = NO;
				ENABLE_STRICT_OBJC_MSGSEND = YES;
				ENABLE_USER_SCRIPT_SANDBOXING = YES;
				GCC_C_LANGUAGE_STANDARD = gnu17;
				GCC_NO_COMMON_BLOCKS = YES;
				GCC_WARN_64_TO_32_BIT_CONVERSION = YES;
				GCC_WARN_ABOUT_RETURN_TYPE = YES_ERROR;
				GCC_WARN_UNDECLARED_SELECTOR = YES;
				GCC_WARN_UNINITIALIZED_AUTOS = YES_AGGRESSIVE;
				GCC_WARN_UNUSED_FUNCTION = YES;
				GCC_WARN_UNUSED_VARIABLE = YES;
				IPHONEOS_DEPLOYMENT_TARGET = 17.4;
				LOCALIZATION_PREFERS_STRING_CATALOGS = YES;
				MTL_ENABLE_DEBUG_INFO = NO;
				MTL_FAST_MATH = YES;
				SDKROOT = iphoneos;
				SWIFT_COMPILATION_MODE = wholemodule;
				VALIDATE_PRODUCT = YES;
			};
			name = Release;
		};
		B1E7EF0B2BF3C7B700C11584 /* Debug */ = {
			isa = XCBuildConfiguration;
			buildSettings = {
				ASSETCATALOG_COMPILER_APPICON_NAME = AppIcon;
				ASSETCATALOG_COMPILER_GLOBAL_ACCENT_COLOR_NAME = AccentColor;
				CODE_SIGN_STYLE = Automatic;
				CURRENT_PROJECT_VERSION = 1;
				GENERATE_INFOPLIST_FILE = YES;
				INFOPLIST_FILE = movieFetch_mvvm/Info.plist;
				INFOPLIST_KEY_UIApplicationSupportsIndirectInputEvents = YES;
				INFOPLIST_KEY_UILaunchStoryboardName = LaunchScreen;
				INFOPLIST_KEY_UIMainStoryboardFile = Main;
				INFOPLIST_KEY_UISupportedInterfaceOrientations_iPad = "UIInterfaceOrientationPortrait UIInterfaceOrientationPortraitUpsideDown UIInterfaceOrientationLandscapeLeft UIInterfaceOrientationLandscapeRight";
				INFOPLIST_KEY_UISupportedInterfaceOrientations_iPhone = "UIInterfaceOrientationPortrait UIInterfaceOrientationLandscapeLeft UIInterfaceOrientationLandscapeRight";
				LD_RUNPATH_SEARCH_PATHS = (
					"$(inherited)",
					"@executable_path/Frameworks",
				);
				MARKETING_VERSION = 1.0;
				PRODUCT_BUNDLE_IDENTIFIER = "com.swfitUTutorial.movieFetch-mvvm";
				PRODUCT_NAME = "$(TARGET_NAME)";
				SWIFT_EMIT_LOC_STRINGS = YES;
				SWIFT_VERSION = 5.0;
				TARGETED_DEVICE_FAMILY = "1,2";
			};
			name = Debug;
		};
		B1E7EF0C2BF3C7B700C11584 /* Release */ = {
			isa = XCBuildConfiguration;
			buildSettings = {
				ASSETCATALOG_COMPILER_APPICON_NAME = AppIcon;
				ASSETCATALOG_COMPILER_GLOBAL_ACCENT_COLOR_NAME = AccentColor;
				CODE_SIGN_STYLE = Automatic;
				CURRENT_PROJECT_VERSION = 1;
				GENERATE_INFOPLIST_FILE = YES;
				INFOPLIST_FILE = movieFetch_mvvm/Info.plist;
				INFOPLIST_KEY_UIApplicationSupportsIndirectInputEvents = YES;
				INFOPLIST_KEY_UILaunchStoryboardName = LaunchScreen;
				INFOPLIST_KEY_UIMainStoryboardFile = Main;
				INFOPLIST_KEY_UISupportedInterfaceOrientations_iPad = "UIInterfaceOrientationPortrait UIInterfaceOrientationPortraitUpsideDown UIInterfaceOrientationLandscapeLeft UIInterfaceOrientationLandscapeRight";
				INFOPLIST_KEY_UISupportedInterfaceOrientations_iPhone = "UIInterfaceOrientationPortrait UIInterfaceOrientationLandscapeLeft UIInterfaceOrientationLandscapeRight";
				LD_RUNPATH_SEARCH_PATHS = (
					"$(inherited)",
					"@executable_path/Frameworks",
				);
				MARKETING_VERSION = 1.0;
				PRODUCT_BUNDLE_IDENTIFIER = "com.swfitUTutorial.movieFetch-mvvm";
				PRODUCT_NAME = "$(TARGET_NAME)";
				SWIFT_EMIT_LOC_STRINGS = YES;
				SWIFT_VERSION = 5.0;
				TARGETED_DEVICE_FAMILY = "1,2";
			};
			name = Release;
		};
		B1E7EF0E2BF3C7B700C11584 /* Debug */ = {
			isa = XCBuildConfiguration;
			buildSettings = {
				ALWAYS_EMBED_SWIFT_STANDARD_LIBRARIES = YES;
				BUNDLE_LOADER = "$(TEST_HOST)";
				CODE_SIGN_STYLE = Automatic;
				CURRENT_PROJECT_VERSION = 1;
				GENERATE_INFOPLIST_FILE = YES;
				IPHONEOS_DEPLOYMENT_TARGET = 17.4;
				MARKETING_VERSION = 1.0;
				PRODUCT_BUNDLE_IDENTIFIER = "com.swfitUTutorial.movieFetch-mvvmTests";
				PRODUCT_NAME = "$(TARGET_NAME)";
				SWIFT_EMIT_LOC_STRINGS = NO;
				SWIFT_VERSION = 5.0;
				TARGETED_DEVICE_FAMILY = "1,2";
				TEST_HOST = "$(BUILT_PRODUCTS_DIR)/movieFetch_mvvm.app/$(BUNDLE_EXECUTABLE_FOLDER_PATH)/movieFetch_mvvm";
			};
			name = Debug;
		};
		B1E7EF0F2BF3C7B700C11584 /* Release */ = {
			isa = XCBuildConfiguration;
			buildSettings = {
				ALWAYS_EMBED_SWIFT_STANDARD_LIBRARIES = YES;
				BUNDLE_LOADER = "$(TEST_HOST)";
				CODE_SIGN_STYLE = Automatic;
				CURRENT_PROJECT_VERSION = 1;
				GENERATE_INFOPLIST_FILE = YES;
				IPHONEOS_DEPLOYMENT_TARGET = 17.4;
				MARKETING_VERSION = 1.0;
				PRODUCT_BUNDLE_IDENTIFIER = "com.swfitUTutorial.movieFetch-mvvmTests";
				PRODUCT_NAME = "$(TARGET_NAME)";
				SWIFT_EMIT_LOC_STRINGS = NO;
				SWIFT_VERSION = 5.0;
				TARGETED_DEVICE_FAMILY = "1,2";
				TEST_HOST = "$(BUILT_PRODUCTS_DIR)/movieFetch_mvvm.app/$(BUNDLE_EXECUTABLE_FOLDER_PATH)/movieFetch_mvvm";
			};
			name = Release;
		};
		B1E7EF112BF3C7B700C11584 /* Debug */ = {
			isa = XCBuildConfiguration;
			buildSettings = {
				ALWAYS_EMBED_SWIFT_STANDARD_LIBRARIES = YES;
				CODE_SIGN_STYLE = Automatic;
				CURRENT_PROJECT_VERSION = 1;
				GENERATE_INFOPLIST_FILE = YES;
				MARKETING_VERSION = 1.0;
				PRODUCT_BUNDLE_IDENTIFIER = "com.swfitUTutorial.movieFetch-mvvmUITests";
				PRODUCT_NAME = "$(TARGET_NAME)";
				SWIFT_EMIT_LOC_STRINGS = NO;
				SWIFT_VERSION = 5.0;
				TARGETED_DEVICE_FAMILY = "1,2";
				TEST_TARGET_NAME = movieFetch_mvvm;
			};
			name = Debug;
		};
		B1E7EF122BF3C7B700C11584 /* Release */ = {
			isa = XCBuildConfiguration;
			buildSettings = {
				ALWAYS_EMBED_SWIFT_STANDARD_LIBRARIES = YES;
				CODE_SIGN_STYLE = Automatic;
				CURRENT_PROJECT_VERSION = 1;
				GENERATE_INFOPLIST_FILE = YES;
				MARKETING_VERSION = 1.0;
				PRODUCT_BUNDLE_IDENTIFIER = "com.swfitUTutorial.movieFetch-mvvmUITests";
				PRODUCT_NAME = "$(TARGET_NAME)";
				SWIFT_EMIT_LOC_STRINGS = NO;
				SWIFT_VERSION = 5.0;
				TARGETED_DEVICE_FAMILY = "1,2";
				TEST_TARGET_NAME = movieFetch_mvvm;
			};
			name = Release;
		};
/* End XCBuildConfiguration section */

/* Begin XCConfigurationList section */
		B1E7EEDB2BF3C7B400C11584 /* Build configuration list for PBXProject "movieFetch_mvvm" */ = {
			isa = XCConfigurationList;
			buildConfigurations = (
				B1E7EF082BF3C7B700C11584 /* Debug */,
				B1E7EF092BF3C7B700C11584 /* Release */,
			);
			defaultConfigurationIsVisible = 0;
			defaultConfigurationName = Release;
		};
		B1E7EF0A2BF3C7B700C11584 /* Build configuration list for PBXNativeTarget "movieFetch_mvvm" */ = {
			isa = XCConfigurationList;
			buildConfigurations = (
				B1E7EF0B2BF3C7B700C11584 /* Debug */,
				B1E7EF0C2BF3C7B700C11584 /* Release */,
			);
			defaultConfigurationIsVisible = 0;
			defaultConfigurationName = Release;
		};
		B1E7EF0D2BF3C7B700C11584 /* Build configuration list for PBXNativeTarget "movieFetch_mvvmTests" */ = {
			isa = XCConfigurationList;
			buildConfigurations = (
				B1E7EF0E2BF3C7B700C11584 /* Debug */,
				B1E7EF0F2BF3C7B700C11584 /* Release */,
			);
			defaultConfigurationIsVisible = 0;
			defaultConfigurationName = Release;
		};
		B1E7EF102BF3C7B700C11584 /* Build configuration list for PBXNativeTarget "movieFetch_mvvmUITests" */ = {
			isa = XCConfigurationList;
			buildConfigurations = (
				B1E7EF112BF3C7B700C11584 /* Debug */,
				B1E7EF122BF3C7B700C11584 /* Release */,
			);
			defaultConfigurationIsVisible = 0;
			defaultConfigurationName = Release;
		};
/* End XCConfigurationList section */
	};
	rootObject = B1E7EED82BF3C7B400C11584 /* Project object */;
}
